// !$*UTF8*$!
{
	archiveVersion = 1;
	classes = {
	};
	objectVersion = 46;
	objects = {

/* Begin PBXBuildFile section */
		D45DF2CF1D2F6B01009964C1 /* AMap.h in CopyFiles */ = {isa = PBXBuildFile; fileRef = D45DF2CE1D2F6B01009964C1 /* AMap.h */; };
		D45DF2D11D2F6B01009964C1 /* AMap.m in Sources */ = {isa = PBXBuildFile; fileRef = D45DF2D01D2F6B01009964C1 /* AMap.m */; };
		D45DF2DC1D2F6C16009964C1 /* AMapManager.m in Sources */ = {isa = PBXBuildFile; fileRef = D45DF2DB1D2F6C16009964C1 /* AMapManager.m */; };
		D4DF9F141D9921AB0094D8C8 /* AMapFoundationKit.framework in Frameworks */ = {isa = PBXBuildFile; fileRef = D4DF9F111D9921AB0094D8C8 /* AMapFoundationKit.framework */; };
		D4DF9F151D9921AB0094D8C8 /* AMapSearchKit.framework in Frameworks */ = {isa = PBXBuildFile; fileRef = D4DF9F121D9921AB0094D8C8 /* AMapSearchKit.framework */; };
		D4DF9F161D9921AB0094D8C8 /* MAMapKit.framework in Frameworks */ = {isa = PBXBuildFile; fileRef = D4DF9F131D9921AB0094D8C8 /* MAMapKit.framework */; };
/* End PBXBuildFile section */

/* Begin PBXCopyFilesBuildPhase section */
		D45DF2C91D2F6B01009964C1 /* CopyFiles */ = {
			isa = PBXCopyFilesBuildPhase;
			buildActionMask = 2147483647;
			dstPath = "include/$(PRODUCT_NAME)";
			dstSubfolderSpec = 16;
			files = (
				D45DF2CF1D2F6B01009964C1 /* AMap.h in CopyFiles */,
			);
			runOnlyForDeploymentPostprocessing = 0;
		};
/* End PBXCopyFilesBuildPhase section */

/* Begin PBXFileReference section */
		D45DF2CB1D2F6B01009964C1 /* libAMap.a */ = {isa = PBXFileReference; explicitFileType = archive.ar; includeInIndex = 0; path = libAMap.a; sourceTree = BUILT_PRODUCTS_DIR; };
		D45DF2CE1D2F6B01009964C1 /* AMap.h */ = {isa = PBXFileReference; lastKnownFileType = sourcecode.c.h; path = AMap.h; sourceTree = "<group>"; };
		D45DF2D01D2F6B01009964C1 /* AMap.m */ = {isa = PBXFileReference; lastKnownFileType = sourcecode.c.objc; path = AMap.m; sourceTree = "<group>"; };
		D45DF2DA1D2F6C16009964C1 /* AMapManager.h */ = {isa = PBXFileReference; fileEncoding = 4; lastKnownFileType = sourcecode.c.h; path = AMapManager.h; sourceTree = "<group>"; };
		D45DF2DB1D2F6C16009964C1 /* AMapManager.m */ = {isa = PBXFileReference; fileEncoding = 4; lastKnownFileType = sourcecode.c.objc; path = AMapManager.m; sourceTree = "<group>"; };
		D4DF9F111D9921AB0094D8C8 /* AMapFoundationKit.framework */ = {isa = PBXFileReference; lastKnownFileType = wrapper.framework; path = AMapFoundationKit.framework; sourceTree = "<group>"; };
		D4DF9F121D9921AB0094D8C8 /* AMapSearchKit.framework */ = {isa = PBXFileReference; lastKnownFileType = wrapper.framework; path = AMapSearchKit.framework; sourceTree = "<group>"; };
		D4DF9F131D9921AB0094D8C8 /* MAMapKit.framework */ = {isa = PBXFileReference; lastKnownFileType = wrapper.framework; path = MAMapKit.framework; sourceTree = "<group>"; };
		D4DF9F171D9922740094D8C8 /* AMap.bundle */ = {isa = PBXFileReference; lastKnownFileType = "wrapper.plug-in"; name = AMap.bundle; path = MAMapKit.framework/AMap.bundle; sourceTree = "<group>"; };
/* End PBXFileReference section */

/* Begin PBXFrameworksBuildPhase section */
		D45DF2C81D2F6B01009964C1 /* Frameworks */ = {
			isa = PBXFrameworksBuildPhase;
			buildActionMask = 2147483647;
			files = (
				D4DF9F161D9921AB0094D8C8 /* MAMapKit.framework in Frameworks */,
				D4DF9F151D9921AB0094D8C8 /* AMapSearchKit.framework in Frameworks */,
				D4DF9F141D9921AB0094D8C8 /* AMapFoundationKit.framework in Frameworks */,
			);
			runOnlyForDeploymentPostprocessing = 0;
		};
/* End PBXFrameworksBuildPhase section */

/* Begin PBXGroup section */
		D45DF2C21D2F6B01009964C1 = {
			isa = PBXGroup;
			children = (
				D45DF2CD1D2F6B01009964C1 /* AMap */,
				D45DF2CC1D2F6B01009964C1 /* Products */,
			);
			sourceTree = "<group>";
		};
		D45DF2CC1D2F6B01009964C1 /* Products */ = {
			isa = PBXGroup;
			children = (
				D45DF2CB1D2F6B01009964C1 /* libAMap.a */,
			);
			name = Products;
			sourceTree = "<group>";
		};
		D45DF2CD1D2F6B01009964C1 /* AMap */ = {
			isa = PBXGroup;
			children = (
				D4DF9F171D9922740094D8C8 /* AMap.bundle */,
				D4DF9F111D9921AB0094D8C8 /* AMapFoundationKit.framework */,
				D4DF9F121D9921AB0094D8C8 /* AMapSearchKit.framework */,
				D4DF9F131D9921AB0094D8C8 /* MAMapKit.framework */,
				D45DF2CE1D2F6B01009964C1 /* AMap.h */,
				D45DF2D01D2F6B01009964C1 /* AMap.m */,
				D45DF2DA1D2F6C16009964C1 /* AMapManager.h */,
				D45DF2DB1D2F6C16009964C1 /* AMapManager.m */,
			);
			path = AMap;
			sourceTree = "<group>";
		};
/* End PBXGroup section */

/* Begin PBXNativeTarget section */
		D45DF2CA1D2F6B01009964C1 /* AMap */ = {
			isa = PBXNativeTarget;
			buildConfigurationList = D45DF2D41D2F6B01009964C1 /* Build configuration list for PBXNativeTarget "AMap" */;
			buildPhases = (
				D45DF2C71D2F6B01009964C1 /* Sources */,
				D45DF2C81D2F6B01009964C1 /* Frameworks */,
				D45DF2C91D2F6B01009964C1 /* CopyFiles */,
			);
			buildRules = (
			);
			dependencies = (
			);
			name = AMap;
			productName = AMap;
			productReference = D45DF2CB1D2F6B01009964C1 /* libAMap.a */;
			productType = "com.apple.product-type.library.static";
		};
/* End PBXNativeTarget section */

/* Begin PBXProject section */
		D45DF2C31D2F6B01009964C1 /* Project object */ = {
			isa = PBXProject;
			attributes = {
				LastUpgradeCheck = 0730;
				ORGANIZATIONNAME = cn.com.jiuqi;
				TargetAttributes = {
					D45DF2CA1D2F6B01009964C1 = {
						CreatedOnToolsVersion = 7.3.1;
					};
				};
			};
			buildConfigurationList = D45DF2C61D2F6B01009964C1 /* Build configuration list for PBXProject "AMap" */;
			compatibilityVersion = "Xcode 3.2";
			developmentRegion = English;
			hasScannedForEncodings = 0;
			knownRegions = (
				en,
			);
			mainGroup = D45DF2C21D2F6B01009964C1;
			productRefGroup = D45DF2CC1D2F6B01009964C1 /* Products */;
			projectDirPath = "";
			projectRoot = "";
			targets = (
				D45DF2CA1D2F6B01009964C1 /* AMap */,
			);
		};
/* End PBXProject section */

/* Begin PBXSourcesBuildPhase section */
		D45DF2C71D2F6B01009964C1 /* Sources */ = {
			isa = PBXSourcesBuildPhase;
			buildActionMask = 2147483647;
			files = (
				D45DF2DC1D2F6C16009964C1 /* AMapManager.m in Sources */,
				D45DF2D11D2F6B01009964C1 /* AMap.m in Sources */,
			);
			runOnlyForDeploymentPostprocessing = 0;
		};
/* End PBXSourcesBuildPhase section */

/* Begin XCBuildConfiguration section */
		D45DF2D21D2F6B01009964C1 /* Debug */ = {
			isa = XCBuildConfiguration;
			buildSettings = {
				ALWAYS_SEARCH_USER_PATHS = NO;
				CLANG_ANALYZER_NONNULL = YES;
				CLANG_CXX_LANGUAGE_STANDARD = "gnu++0x";
				CLANG_CXX_LIBRARY = "libc++";
				CLANG_ENABLE_MODULES = YES;
				CLANG_ENABLE_OBJC_ARC = YES;
				CLANG_WARN_BOOL_CONVERSION = YES;
				CLANG_WARN_CONSTANT_CONVERSION = YES;
				CLANG_WARN_DIRECT_OBJC_ISA_USAGE = YES_ERROR;
				CLANG_WARN_EMPTY_BODY = YES;
				CLANG_WARN_ENUM_CONVERSION = YES;
				CLANG_WARN_INT_CONVERSION = YES;
				CLANG_WARN_OBJC_ROOT_CLASS = YES_ERROR;
				CLANG_WARN_UNREACHABLE_CODE = YES;
				CLANG_WARN__DUPLICATE_METHOD_MATCH = YES;
				"CODE_SIGN_IDENTITY[sdk=iphoneos*]" = "iPhone Developer";
				COPY_PHASE_STRIP = NO;
				DEBUG_INFORMATION_FORMAT = dwarf;
				ENABLE_STRICT_OBJC_MSGSEND = YES;
				ENABLE_TESTABILITY = YES;
				GCC_C_LANGUAGE_STANDARD = gnu99;
				GCC_DYNAMIC_NO_PIC = NO;
				GCC_NO_COMMON_BLOCKS = YES;
				GCC_OPTIMIZATION_LEVEL = 0;
				GCC_PREPROCESSOR_DEFINITIONS = (
					"DEBUG=1",
					"$(inherited)",
				);
				GCC_WARN_64_TO_32_BIT_CONVERSION = YES;
				GCC_WARN_ABOUT_RETURN_TYPE = YES_ERROR;
				GCC_WARN_UNDECLARED_SELECTOR = YES;
				GCC_WARN_UNINITIALIZED_AUTOS = YES_AGGRESSIVE;
				GCC_WARN_UNUSED_FUNCTION = YES;
				GCC_WARN_UNUSED_VARIABLE = YES;
				IPHONEOS_DEPLOYMENT_TARGET = 7.0;
				MTL_ENABLE_DEBUG_INFO = YES;
				ONLY_ACTIVE_ARCH = YES;
				SDKROOT = iphoneos;
			};
			name = Debug;
		};
		D45DF2D31D2F6B01009964C1 /* Release */ = {
			isa = XCBuildConfiguration;
			buildSettings = {
				ALWAYS_SEARCH_USER_PATHS = NO;
				CLANG_ANALYZER_NONNULL = YES;
				CLANG_CXX_LANGUAGE_STANDARD = "gnu++0x";
				CLANG_CXX_LIBRARY = "libc++";
				CLANG_ENABLE_MODULES = YES;
				CLANG_ENABLE_OBJC_ARC = YES;
				CLANG_WARN_BOOL_CONVERSION = YES;
				CLANG_WARN_CONSTANT_CONVERSION = YES;
				CLANG_WARN_DIRECT_OBJC_ISA_USAGE = YES_ERROR;
				CLANG_WARN_EMPTY_BODY = YES;
				CLANG_WARN_ENUM_CONVERSION = YES;
				CLANG_WARN_INT_CONVERSION = YES;
				CLANG_WARN_OBJC_ROOT_CLASS = YES_ERROR;
				CLANG_WARN_UNREACHABLE_CODE = YES;
				CLANG_WARN__DUPLICATE_METHOD_MATCH = YES;
				"CODE_SIGN_IDENTITY[sdk=iphoneos*]" = "iPhone Developer";
				COPY_PHASE_STRIP = NO;
				DEBUG_INFORMATION_FORMAT = "dwarf-with-dsym";
				ENABLE_NS_ASSERTIONS = NO;
				ENABLE_STRICT_OBJC_MSGSEND = YES;
				GCC_C_LANGUAGE_STANDARD = gnu99;
				GCC_NO_COMMON_BLOCKS = YES;
				GCC_WARN_64_TO_32_BIT_CONVERSION = YES;
				GCC_WARN_ABOUT_RETURN_TYPE = YES_ERROR;
				GCC_WARN_UNDECLARED_SELECTOR = YES;
				GCC_WARN_UNINITIALIZED_AUTOS = YES_AGGRESSIVE;
				GCC_WARN_UNUSED_FUNCTION = YES;
				GCC_WARN_UNUSED_VARIABLE = YES;
				IPHONEOS_DEPLOYMENT_TARGET = 7.0;
				MTL_ENABLE_DEBUG_INFO = NO;
				SDKROOT = iphoneos;
				VALIDATE_PRODUCT = YES;
			};
			name = Release;
		};
		D45DF2D51D2F6B01009964C1 /* Debug */ = {
			isa = XCBuildConfiguration;
			buildSettings = {
				FRAMEWORK_SEARCH_PATHS = (
					"$(inherited)",
					"$(PROJECT_DIR)/AMap",
				);
				HEADER_SEARCH_PATHS = (
					"$(inherited)",
					/Applications/Xcode.app/Contents/Developer/Toolchains/XcodeDefault.xctoolchain/usr/include,
					"$(SRCROOT)/../../../React/**",
					"$(SRCROOT)/../../react-native/React/**",
				);
				OTHER_LDFLAGS = "-ObjC";
				PRODUCT_NAME = "$(TARGET_NAME)";
				SKIP_INSTALL = YES;
			};
			name = Debug;
		};
		D45DF2D61D2F6B01009964C1 /* Release */ = {
			isa = XCBuildConfiguration;
			buildSettings = {
				FRAMEWORK_SEARCH_PATHS = (
					"$(inherited)",
					"$(PROJECT_DIR)/AMap",
				);
				HEADER_SEARCH_PATHS = (
					"$(inherited)",
					/Applications/Xcode.app/Contents/Developer/Toolchains/XcodeDefault.xctoolchain/usr/include,
					"$(SRCROOT)/../../../React/**",
					"$(SRCROOT)/../../react-native/React/**",
				);
				OTHER_LDFLAGS = "-ObjC";
				PRODUCT_NAME = "$(TARGET_NAME)";
				SKIP_INSTALL = YES;
			};
			name = Release;
		};
/* End XCBuildConfiguration section */

/* Begin XCConfigurationList section */
		D45DF2C61D2F6B01009964C1 /* Build configuration list for PBXProject "AMap" */ = {
			isa = XCConfigurationList;
			buildConfigurations = (
				D45DF2D21D2F6B01009964C1 /* Debug */,
				D45DF2D31D2F6B01009964C1 /* Release */,
			);
			defaultConfigurationIsVisible = 0;
			defaultConfigurationName = Release;
		};
		D45DF2D41D2F6B01009964C1 /* Build configuration list for PBXNativeTarget "AMap" */ = {
			isa = XCConfigurationList;
			buildConfigurations = (
				D45DF2D51D2F6B01009964C1 /* Debug */,
				D45DF2D61D2F6B01009964C1 /* Release */,
			);
			defaultConfigurationIsVisible = 0;
			defaultConfigurationName = Release;
		};
/* End XCConfigurationList section */
	};
	rootObject = D45DF2C31D2F6B01009964C1 /* Project object */;
}
